<?xml version="1.0" encoding="utf-8"?>
<Project ToolsVersion="4.0" xmlns="http://schemas.microsoft.com/developer/msbuild/2003">
  <ItemGroup>
    <Filter Include="Source Files">
      <UniqueIdentifier>{4FC737F1-C7A5-4376-A066-2A32D752A2FF}</UniqueIdentifier>
      <Extensions>cpp;c;cc;cxx;c++;cppm;ixx;def;odl;idl;hpj;bat;asm;asmx</Extensions>
    </Filter>
    <Filter Include="Header Files">
      <UniqueIdentifier>{93995380-89BD-4b04-88EB-625FBE52EBFB}</UniqueIdentifier>
      <Extensions>h;hh;hpp;hxx;h++;hm;inl;inc;ipp;xsd</Extensions>
    </Filter>
    <Filter Include="Resource Files">
      <UniqueIdentifier>{67DA6AB6-F800-4c08-8B7A-83BB121AAD01}</UniqueIdentifier>
      <Extensions>rc;ico;cur;bmp;dlg;rc2;rct;bin;rgs;gif;jpg;jpeg;jpe;resx;tiff;tif;png;wav;mfcribbon-ms</Extensions>
    </Filter>
    <Filter Include="Header Files\Screens">
      <UniqueIdentifier>{4b0da2b4-4e5c-4a80-9d41-cf6e54e04a98}</UniqueIdentifier>
    </Filter>
    <Filter Include="Header Files\Models">
      <UniqueIdentifier>{36307717-1284-4b3c-a28d-ccff463ef422}</UniqueIdentifier>
    </Filter>
    <Filter Include="Source Files\Models">
      <UniqueIdentifier>{d4e93d22-512a-4563-b74f-ba4bc8cbf23a}</UniqueIdentifier>
    </Filter>
    <Filter Include="Source Files\Screens">
      <UniqueIdentifier>{9c6b0518-167d-4089-936d-911454196f4c}</UniqueIdentifier>
    </Filter>
    <Filter Include="Source Files\Buttons">
      <UniqueIdentifier>{6c116f96-cbb4-42ce-86d8-4efa52462df6}</UniqueIdentifier>
    </Filter>
    <Filter Include="Header Files\Buttons">
      <UniqueIdentifier>{dd91625d-896f-4396-a7dc-623bca0d9e5e}</UniqueIdentifier>
    </Filter>
    <Filter Include="Header Files\Popups">
      <UniqueIdentifier>{9118e606-8df8-4498-88b9-fc2f97007ce1}</UniqueIdentifier>
    </Filter>
    <Filter Include="Source Files\Popups">
      <UniqueIdentifier>{93c2ecf4-7c2d-4632-8269-b74bf6f9b1c8}</UniqueIdentifier>
    </Filter>
    <Filter Include="Header Files\Screens\Fight">
      <UniqueIdentifier>{262519c1-4367-41ba-a1e9-41786c5bb75b}</UniqueIdentifier>
    </Filter>
    <Filter Include="Source Files\Screens\Fight">
      <UniqueIdentifier>{6bec3562-8a9a-42ee-a90b-791aa9905f99}</UniqueIdentifier>
    </Filter>
  </ItemGroup>
  <ItemGroup>
    <ClCompile Include="main.cpp">
      <Filter>Source Files</Filter>
    </ClCompile>
    <ClCompile Include="Game.cpp">
      <Filter>Source Files</Filter>
    </ClCompile>
    <ClCompile Include="Utils.cpp">
      <Filter>Source Files</Filter>
    </ClCompile>
    <ClCompile Include="Dino.cpp">
      <Filter>Source Files\Models</Filter>
    </ClCompile>
    <ClCompile Include="Player.cpp">
      <Filter>Source Files\Models</Filter>
    </ClCompile>
    <ClCompile Include="MainScreen.cpp">
      <Filter>Source Files\Screens</Filter>
    </ClCompile>
    <ClCompile Include="WelcomeScreen.cpp">
      <Filter>Source Files\Screens</Filter>
    </ClCompile>
    <ClCompile Include="Popup.cpp">
      <Filter>Source Files\Popups</Filter>
    </ClCompile>
    <ClCompile Include="ShopScreen.cpp">
      <Filter>Source Files\Screens</Filter>
    </ClCompile>
    <ClCompile Include="Button.cpp">
      <Filter>Source Files\Buttons</Filter>
    </ClCompile>
    <ClCompile Include="ScreenBase.cpp">
      <Filter>Source Files\Screens</Filter>
    </ClCompile>
    <ClCompile Include="DinoCard.cpp">
      <Filter>Source Files\Buttons</Filter>
    </ClCompile>
    <ClCompile Include="DinoPopup.cpp">
      <Filter>Source Files\Popups</Filter>
    </ClCompile>
    <ClCompile Include="PartyScreen.cpp">
      <Filter>Source Files\Screens</Filter>
    </ClCompile>
    <ClCompile Include="LuckyDinoButton.cpp">
      <Filter>Source Files\Buttons</Filter>
    </ClCompile>
    <ClCompile Include="RestingScreen.cpp">
      <Filter>Source Files\Screens</Filter>
    </ClCompile>
    <ClCompile Include="ScreenEmptyBase.cpp">
      <Filter>Source Files\Screens</Filter>
    </ClCompile>
    <ClCompile Include="FightFinalScreen.cpp">
      <Filter>Source Files\Screens\Fight</Filter>
    </ClCompile>
    <ClCompile Include="FightMainScreen.cpp">
      <Filter>Source Files\Screens\Fight</Filter>
    </ClCompile>
    <ClCompile Include="FightWelcomeScreen.cpp">
      <Filter>Source Files\Screens\Fight</Filter>
    </ClCompile>
  </ItemGroup>
  <ItemGroup>
    <ClInclude Include="Game.h">
      <Filter>Header Files</Filter>
    </ClInclude>
    <ClInclude Include="stdafx.h">
      <Filter>Header Files</Filter>
    </ClInclude>
    <ClInclude Include="Const.h">
      <Filter>Header Files</Filter>
    </ClInclude>
    <ClInclude Include="Utils.h">
      <Filter>Header Files</Filter>
    </ClInclude>
    <ClInclude Include="Popup.h">
      <Filter>Header Files\Popups</Filter>
    </ClInclude>
    <ClInclude Include="MainScreen.h">
      <Filter>Header Files\Screens</Filter>
    </ClInclude>
    <ClInclude Include="WelcomeScreen.h">
      <Filter>Header Files\Screens</Filter>
    </ClInclude>
    <ClInclude Include="Dino.h">
      <Filter>Header Files\Models</Filter>
    </ClInclude>
    <ClInclude Include="Player.h">
      <Filter>Header Files\Models</Filter>
    </ClInclude>
    <ClInclude Include="ShopScreen.h">
      <Filter>Header Files\Screens</Filter>
    </ClInclude>
    <ClInclude Include="Button.h">
      <Filter>Header Files\Buttons</Filter>
    </ClInclude>
    <ClInclude Include="ScreenBase.h">
      <Filter>Header Files\Screens</Filter>
    </ClInclude>
    <ClInclude Include="LuckyDinoButton.h">
      <Filter>Header Files\Buttons</Filter>
    </ClInclude>
    <ClInclude Include="DinoCard.h">
      <Filter>Header Files\Buttons</Filter>
    </ClInclude>
    <ClInclude Include="PartyScreen.h">
      <Filter>Header Files\Screens</Filter>
    </ClInclude>
    <ClInclude Include="DinoPopup.h">
      <Filter>Header Files\Popups</Filter>
    </ClInclude>
    <ClInclude Include="RestingScreen.h">
      <Filter>Header Files\Screens</Filter>
    </ClInclude>
    <ClInclude Include="ScreenEmptyBase.h">
      <Filter>Header Files\Screens</Filter>
    </ClInclude>
    <ClInclude Include="FightFinalScreen.h">
      <Filter>Header Files\Screens\Fight</Filter>
    </ClInclude>
    <ClInclude Include="FightMainScreen.h">
      <Filter>Header Files\Screens\Fight</Filter>
    </ClInclude>
    <ClInclude Include="FightWelcomeScreen.h">
      <Filter>Header Files\Screens\Fight</Filter>
    </ClInclude>
  </ItemGroup>
</Project>